
Microsoft Visual Studio Solution File, Format Version 12.00
# Visual Studio Version 17
VisualStudioVersion = 17.11.35327.3
MinimumVisualStudioVersion = 10.0.40219.1
Project("{9A19103F-16F7-4668-BE54-9A1E7A4F7556}") = "test_practice", "test_practice\test_practice.csproj", "{0F418CF6-C606-4D86-8E54-B4F5683FDFCB}"
EndProject
Global
	GlobalSection(SolutionConfigurationPlatforms) = preSolution
		Debug|Any CPU = Debug|Any CPU
		Release|Any CPU = Release|Any CPU
	EndGlobalSection
	GlobalSection(ProjectConfigurationPlatforms) = postSolution
		{0F418CF6-C606-4D86-8E54-B4F5683FDFCB}.Debug|Any CPU.ActiveCfg = Debug|Any CPU
		{0F418CF6-C606-4D86-8E54-B4F5683FDFCB}.Debug|Any CPU.Build.0 = Debug|Any CPU
		{0F418CF6-C606-4D86-8E54-B4F5683FDFCB}.Release|Any CPU.ActiveCfg = Release|Any CPU
		{0F418CF6-C606-4D86-8E54-B4F5683FDFCB}.Release|Any CPU.Build.0 = Release|Any CPU
	EndGlobalSection
	GlobalSection(SolutionProperties) = preSolution
		HideSolutionNode = FALSE
	EndGlobalSection
	GlobalSection(ExtensibilityGlobals) = postSolution
		SolutionGuid = {48C291D7-BAAD-4C56-9B1B-1184436E4DD6}
	EndGlobalSection
EndGlobal
